// !$*UTF8*$!
{
	archiveVersion = 1;
	classes = {
	};
	objectVersion = 51;
	objects = {

/* Begin PBXBuildFile section */
		2907E87024E326F200A1B3D2 /* RegisterViewController.swift in Sources */ = {isa = PBXBuildFile; fileRef = 2907E86F24E326F200A1B3D2 /* RegisterViewController.swift */; };
		2907E87224E3270300A1B3D2 /* LoginViewController.swift in Sources */ = {isa = PBXBuildFile; fileRef = 2907E87124E3270300A1B3D2 /* LoginViewController.swift */; };
		2907E87424E3360900A1B3D2 /* Alerts.swift in Sources */ = {isa = PBXBuildFile; fileRef = 2907E87324E3360900A1B3D2 /* Alerts.swift */; };
		29845AC124E1AAB3004B22A9 /* AppDelegate.swift in Sources */ = {isa = PBXBuildFile; fileRef = 29845AC024E1AAB3004B22A9 /* AppDelegate.swift */; };
		29845AC324E1AAB3004B22A9 /* SceneDelegate.swift in Sources */ = {isa = PBXBuildFile; fileRef = 29845AC224E1AAB3004B22A9 /* SceneDelegate.swift */; };
		29845AC824E1AAB3004B22A9 /* Main.storyboard in Resources */ = {isa = PBXBuildFile; fileRef = 29845AC624E1AAB3004B22A9 /* Main.storyboard */; };
		29845ACB24E1AAB3004B22A9 /* GoEvents.xcdatamodeld in Sources */ = {isa = PBXBuildFile; fileRef = 29845AC924E1AAB3004B22A9 /* GoEvents.xcdatamodeld */; };
		29845ACD24E1AAB9004B22A9 /* Assets.xcassets in Resources */ = {isa = PBXBuildFile; fileRef = 29845ACC24E1AAB9004B22A9 /* Assets.xcassets */; };
		29845AD024E1AAB9004B22A9 /* LaunchScreen.storyboard in Resources */ = {isa = PBXBuildFile; fileRef = 29845ACE24E1AAB9004B22A9 /* LaunchScreen.storyboard */; };
		29845ADF24E2CAE8004B22A9 /* Events.swift in Sources */ = {isa = PBXBuildFile; fileRef = 29845ADE24E2CAE8004B22A9 /* Events.swift */; };
		29845AE224E2CB9D004B22A9 /* EventsService.swift in Sources */ = {isa = PBXBuildFile; fileRef = 29845AE124E2CB9D004B22A9 /* EventsService.swift */; };
		29845AE424E2CC10004B22A9 /* DataError.swift in Sources */ = {isa = PBXBuildFile; fileRef = 29845AE324E2CC10004B22A9 /* DataError.swift */; };
		29845AE824E2CCE3004B22A9 /* ClientFactory.swift in Sources */ = {isa = PBXBuildFile; fileRef = 29845AE724E2CCE3004B22A9 /* ClientFactory.swift */; };
		29845AF024E2CF6D004B22A9 /* AlamofireEventsService.swift in Sources */ = {isa = PBXBuildFile; fileRef = 29845AEF24E2CF6D004B22A9 /* AlamofireEventsService.swift */; };
		29845AF424E2D232004B22A9 /* Injection.swift in Sources */ = {isa = PBXBuildFile; fileRef = 29845AF324E2D232004B22A9 /* Injection.swift */; };
		29F4A1E824E2E23100F3D015 /* EventsTableViewController.swift in Sources */ = {isa = PBXBuildFile; fileRef = 29F4A1E724E2E23100F3D015 /* EventsTableViewController.swift */; };
		29F4A1EA24E2E29000F3D015 /* EventsTableViewCell.swift in Sources */ = {isa = PBXBuildFile; fileRef = 29F4A1E924E2E29000F3D015 /* EventsTableViewCell.swift */; };
		29F4A1EF24E2F01D00F3D015 /* Loading.swift in Sources */ = {isa = PBXBuildFile; fileRef = 29F4A1EE24E2F01D00F3D015 /* Loading.swift */; };
		29F4A1F224E3046500F3D015 /* GoogleService-Info.plist in Resources */ = {isa = PBXBuildFile; fileRef = 29F4A1F124E3046500F3D015 /* GoogleService-Info.plist */; };
		29F4A1F424E3080D00F3D015 /* AuthenticationService.swift in Sources */ = {isa = PBXBuildFile; fileRef = 29F4A1F324E3080D00F3D015 /* AuthenticationService.swift */; };
		29F4A1F624E3092F00F3D015 /* AuthenticationError.swift in Sources */ = {isa = PBXBuildFile; fileRef = 29F4A1F524E3092F00F3D015 /* AuthenticationError.swift */; };
		29F4A1F824E30AB600F3D015 /* FirebaseAuthenticationService.swift in Sources */ = {isa = PBXBuildFile; fileRef = 29F4A1F724E30AB600F3D015 /* FirebaseAuthenticationService.swift */; };
		29F4A1FC24E311C300F3D015 /* FirebaseAuth.framework in Frameworks */ = {isa = PBXBuildFile; fileRef = 29F4A1FB24E311C300F3D015 /* FirebaseAuth.framework */; };
		5C4AE2B8123DB6D6670C8748 /* Pods_GoEvents.framework in Frameworks */ = {isa = PBXBuildFile; fileRef = B381BBAD188866D7C35E57B5 /* Pods_GoEvents.framework */; };
/* End PBXBuildFile section */

/* Begin PBXFileReference section */
		2907E86F24E326F200A1B3D2 /* RegisterViewController.swift */ = {isa = PBXFileReference; lastKnownFileType = sourcecode.swift; path = RegisterViewController.swift; sourceTree = "<group>"; };
		2907E87124E3270300A1B3D2 /* LoginViewController.swift */ = {isa = PBXFileReference; lastKnownFileType = sourcecode.swift; path = LoginViewController.swift; sourceTree = "<group>"; };
		2907E87324E3360900A1B3D2 /* Alerts.swift */ = {isa = PBXFileReference; lastKnownFileType = sourcecode.swift; path = Alerts.swift; sourceTree = "<group>"; };
		29845ABD24E1AAB3004B22A9 /* GoEvents.app */ = {isa = PBXFileReference; explicitFileType = wrapper.application; includeInIndex = 0; path = GoEvents.app; sourceTree = BUILT_PRODUCTS_DIR; };
		29845AC024E1AAB3004B22A9 /* AppDelegate.swift */ = {isa = PBXFileReference; lastKnownFileType = sourcecode.swift; path = AppDelegate.swift; sourceTree = "<group>"; };
		29845AC224E1AAB3004B22A9 /* SceneDelegate.swift */ = {isa = PBXFileReference; lastKnownFileType = sourcecode.swift; path = SceneDelegate.swift; sourceTree = "<group>"; };
		29845AC724E1AAB3004B22A9 /* Base */ = {isa = PBXFileReference; lastKnownFileType = file.storyboard; name = Base; path = Base.lproj/Main.storyboard; sourceTree = "<group>"; };
		29845ACA24E1AAB3004B22A9 /* GoEvents.xcdatamodel */ = {isa = PBXFileReference; lastKnownFileType = wrapper.xcdatamodel; path = GoEvents.xcdatamodel; sourceTree = "<group>"; };
		29845ACC24E1AAB9004B22A9 /* Assets.xcassets */ = {isa = PBXFileReference; lastKnownFileType = folder.assetcatalog; path = Assets.xcassets; sourceTree = "<group>"; };
		29845ACF24E1AAB9004B22A9 /* Base */ = {isa = PBXFileReference; lastKnownFileType = file.storyboard; name = Base; path = Base.lproj/LaunchScreen.storyboard; sourceTree = "<group>"; };
		29845AD124E1AAB9004B22A9 /* Info.plist */ = {isa = PBXFileReference; lastKnownFileType = text.plist.xml; path = Info.plist; sourceTree = "<group>"; };
		29845ADE24E2CAE8004B22A9 /* Events.swift */ = {isa = PBXFileReference; lastKnownFileType = sourcecode.swift; path = Events.swift; sourceTree = "<group>"; };
		29845AE124E2CB9D004B22A9 /* EventsService.swift */ = {isa = PBXFileReference; lastKnownFileType = sourcecode.swift; path = EventsService.swift; sourceTree = "<group>"; };
		29845AE324E2CC10004B22A9 /* DataError.swift */ = {isa = PBXFileReference; lastKnownFileType = sourcecode.swift; path = DataError.swift; sourceTree = "<group>"; };
		29845AE724E2CCE3004B22A9 /* ClientFactory.swift */ = {isa = PBXFileReference; lastKnownFileType = sourcecode.swift; path = ClientFactory.swift; sourceTree = "<group>"; };
		29845AEF24E2CF6D004B22A9 /* AlamofireEventsService.swift */ = {isa = PBXFileReference; lastKnownFileType = sourcecode.swift; path = AlamofireEventsService.swift; sourceTree = "<group>"; };
		29845AF324E2D232004B22A9 /* Injection.swift */ = {isa = PBXFileReference; lastKnownFileType = sourcecode.swift; path = Injection.swift; sourceTree = "<group>"; };
		29F4A1E724E2E23100F3D015 /* EventsTableViewController.swift */ = {isa = PBXFileReference; lastKnownFileType = sourcecode.swift; path = EventsTableViewController.swift; sourceTree = "<group>"; };
		29F4A1E924E2E29000F3D015 /* EventsTableViewCell.swift */ = {isa = PBXFileReference; lastKnownFileType = sourcecode.swift; path = EventsTableViewCell.swift; sourceTree = "<group>"; };
		29F4A1EE24E2F01D00F3D015 /* Loading.swift */ = {isa = PBXFileReference; lastKnownFileType = sourcecode.swift; path = Loading.swift; sourceTree = "<group>"; };
		29F4A1F124E3046500F3D015 /* GoogleService-Info.plist */ = {isa = PBXFileReference; fileEncoding = 4; lastKnownFileType = text.plist.xml; name = "GoogleService-Info.plist"; path = "../../../../../Downloads/GOEvents/GoogleService-Info.plist"; sourceTree = "<group>"; };
		29F4A1F324E3080D00F3D015 /* AuthenticationService.swift */ = {isa = PBXFileReference; lastKnownFileType = sourcecode.swift; path = AuthenticationService.swift; sourceTree = "<group>"; };
		29F4A1F524E3092F00F3D015 /* AuthenticationError.swift */ = {isa = PBXFileReference; lastKnownFileType = sourcecode.swift; path = AuthenticationError.swift; sourceTree = "<group>"; };
		29F4A1F724E30AB600F3D015 /* FirebaseAuthenticationService.swift */ = {isa = PBXFileReference; lastKnownFileType = sourcecode.swift; path = FirebaseAuthenticationService.swift; sourceTree = "<group>"; };
		29F4A1FB24E311C300F3D015 /* FirebaseAuth.framework */ = {isa = PBXFileReference; explicitFileType = wrapper.framework; path = FirebaseAuth.framework; sourceTree = BUILT_PRODUCTS_DIR; };
		6AFC296FE5856D847F627185 /* Pods-GoEvents.release.xcconfig */ = {isa = PBXFileReference; includeInIndex = 1; lastKnownFileType = text.xcconfig; name = "Pods-GoEvents.release.xcconfig"; path = "Target Support Files/Pods-GoEvents/Pods-GoEvents.release.xcconfig"; sourceTree = "<group>"; };
		B381BBAD188866D7C35E57B5 /* Pods_GoEvents.framework */ = {isa = PBXFileReference; explicitFileType = wrapper.framework; includeInIndex = 0; path = Pods_GoEvents.framework; sourceTree = BUILT_PRODUCTS_DIR; };
		CA0EDC778297C4CC7A798B97 /* Pods-GoEvents.debug.xcconfig */ = {isa = PBXFileReference; includeInIndex = 1; lastKnownFileType = text.xcconfig; name = "Pods-GoEvents.debug.xcconfig"; path = "Target Support Files/Pods-GoEvents/Pods-GoEvents.debug.xcconfig"; sourceTree = "<group>"; };
/* End PBXFileReference section */

/* Begin PBXFrameworksBuildPhase section */
		29845ABA24E1AAB3004B22A9 /* Frameworks */ = {
			isa = PBXFrameworksBuildPhase;
			buildActionMask = 2147483647;
			files = (
				29F4A1FC24E311C300F3D015 /* FirebaseAuth.framework in Frameworks */,
				5C4AE2B8123DB6D6670C8748 /* Pods_GoEvents.framework in Frameworks */,
			);
			runOnlyForDeploymentPostprocessing = 0;
		};
/* End PBXFrameworksBuildPhase section */

/* Begin PBXGroup section */
		29845AB424E1AAB2004B22A9 = {
			isa = PBXGroup;
			children = (
				29845ABF24E1AAB3004B22A9 /* GoEvents */,
				29845ABE24E1AAB3004B22A9 /* Products */,
				DA2889B3E9B9295F814CE152 /* Pods */,
				8CB914FD35DB06FE7337E6DF /* Frameworks */,
			);
			sourceTree = "<group>";
		};
		29845ABE24E1AAB3004B22A9 /* Products */ = {
			isa = PBXGroup;
			children = (
				29845ABD24E1AAB3004B22A9 /* GoEvents.app */,
			);
			name = Products;
			sourceTree = "<group>";
		};
		29845ABF24E1AAB3004B22A9 /* GoEvents */ = {
			isa = PBXGroup;
			children = (
				29845AE924E2CDE5004B22A9 /* Infra */,
				29845AEC24E2CE08004B22A9 /* Domain */,
				29845AEB24E2CDF7004B22A9 /* UI */,
				29F4A1E424E2D45800F3D015 /* Main */,
			);
			path = GoEvents;
			sourceTree = "<group>";
		};
		29845AE024E2CB6D004B22A9 /* Models */ = {
			isa = PBXGroup;
			children = (
				29845ADE24E2CAE8004B22A9 /* Events.swift */,
			);
			name = Models;
			path = ..;
			sourceTree = "<group>";
		};
		29845AE924E2CDE5004B22A9 /* Infra */ = {
			isa = PBXGroup;
			children = (
				29845AE724E2CCE3004B22A9 /* ClientFactory.swift */,
				29845AEF24E2CF6D004B22A9 /* AlamofireEventsService.swift */,
				29F4A1F724E30AB600F3D015 /* FirebaseAuthenticationService.swift */,
			);
			path = Infra;
			sourceTree = "<group>";
		};
		29845AEB24E2CDF7004B22A9 /* UI */ = {
			isa = PBXGroup;
			children = (
				29F4A1ED24E2EF8D00F3D015 /* Events */,
				29F4A1F024E2F04600F3D015 /* Commons */,
				29845AC624E1AAB3004B22A9 /* Main.storyboard */,
				29845ACE24E1AAB9004B22A9 /* LaunchScreen.storyboard */,
				29845AF324E2D232004B22A9 /* Injection.swift */,
				2907E86F24E326F200A1B3D2 /* RegisterViewController.swift */,
				2907E87124E3270300A1B3D2 /* LoginViewController.swift */,
			);
			path = UI;
			sourceTree = "<group>";
		};
		29845AEC24E2CE08004B22A9 /* Domain */ = {
			isa = PBXGroup;
			children = (
				29845AE024E2CB6D004B22A9 /* Models */,
				29845AED24E2CE3A004B22A9 /* Error */,
				29845AEE24E2CE5E004B22A9 /* Protocols */,
			);
			path = Domain;
			sourceTree = "<group>";
		};
		29845AED24E2CE3A004B22A9 /* Error */ = {
			isa = PBXGroup;
			children = (
				29845AE324E2CC10004B22A9 /* DataError.swift */,
				29F4A1F524E3092F00F3D015 /* AuthenticationError.swift */,
			);
			path = Error;
			sourceTree = "<group>";
		};
		29845AEE24E2CE5E004B22A9 /* Protocols */ = {
			isa = PBXGroup;
			children = (
				29845AE124E2CB9D004B22A9 /* EventsService.swift */,
				29F4A1F324E3080D00F3D015 /* AuthenticationService.swift */,
			);
			path = Protocols;
			sourceTree = "<group>";
		};
		29F4A1E424E2D45800F3D015 /* Main */ = {
			isa = PBXGroup;
			children = (
				29845AC024E1AAB3004B22A9 /* AppDelegate.swift */,
				29845AC224E1AAB3004B22A9 /* SceneDelegate.swift */,
				29F4A1F124E3046500F3D015 /* GoogleService-Info.plist */,
				29845AD124E1AAB9004B22A9 /* Info.plist */,
				29845ACC24E1AAB9004B22A9 /* Assets.xcassets */,
				29845AC924E1AAB3004B22A9 /* GoEvents.xcdatamodeld */,
			);
			name = Main;
			sourceTree = "<group>";
		};
		29F4A1ED24E2EF8D00F3D015 /* Events */ = {
			isa = PBXGroup;
			children = (
				29F4A1E724E2E23100F3D015 /* EventsTableViewController.swift */,
				29F4A1E924E2E29000F3D015 /* EventsTableViewCell.swift */,
			);
			path = Events;
			sourceTree = "<group>";
		};
		29F4A1F024E2F04600F3D015 /* Commons */ = {
			isa = PBXGroup;
			children = (
				29F4A1EE24E2F01D00F3D015 /* Loading.swift */,
				2907E87324E3360900A1B3D2 /* Alerts.swift */,
			);
			path = Commons;
			sourceTree = "<group>";
		};
		8CB914FD35DB06FE7337E6DF /* Frameworks */ = {
			isa = PBXGroup;
			children = (
				29F4A1FB24E311C300F3D015 /* FirebaseAuth.framework */,
				B381BBAD188866D7C35E57B5 /* Pods_GoEvents.framework */,
			);
			name = Frameworks;
			sourceTree = "<group>";
		};
		DA2889B3E9B9295F814CE152 /* Pods */ = {
			isa = PBXGroup;
			children = (
				CA0EDC778297C4CC7A798B97 /* Pods-GoEvents.debug.xcconfig */,
				6AFC296FE5856D847F627185 /* Pods-GoEvents.release.xcconfig */,
			);
			path = Pods;
			sourceTree = "<group>";
		};
/* End PBXGroup section */

/* Begin PBXNativeTarget section */
		29845ABC24E1AAB3004B22A9 /* GoEvents */ = {
			isa = PBXNativeTarget;
			buildConfigurationList = 29845AD424E1AAB9004B22A9 /* Build configuration list for PBXNativeTarget "GoEvents" */;
			buildPhases = (
				8C9E59EB597B9C52DB091DB8 /* [CP] Check Pods Manifest.lock */,
				29845AB924E1AAB3004B22A9 /* Sources */,
				29845ABA24E1AAB3004B22A9 /* Frameworks */,
				29845ABB24E1AAB3004B22A9 /* Resources */,
				66A406B993D645068B2FFF95 /* [CP] Embed Pods Frameworks */,
			);
			buildRules = (
			);
			dependencies = (
			);
			name = GoEvents;
			productName = GoEvents;
			productReference = 29845ABD24E1AAB3004B22A9 /* GoEvents.app */;
			productType = "com.apple.product-type.application";
		};
/* End PBXNativeTarget section */

/* Begin PBXProject section */
		29845AB524E1AAB2004B22A9 /* Project object */ = {
			isa = PBXProject;
			attributes = {
				LastSwiftUpdateCheck = 1160;
				LastUpgradeCheck = 1160;
				ORGANIZATIONNAME = Brenner;
				TargetAttributes = {
					29845ABC24E1AAB3004B22A9 = {
						CreatedOnToolsVersion = 11.6;
					};
				};
			};
			buildConfigurationList = 29845AB824E1AAB2004B22A9 /* Build configuration list for PBXProject "GoEvents" */;
			compatibilityVersion = "Xcode 9.3";
			developmentRegion = en;
			hasScannedForEncodings = 0;
			knownRegions = (
				en,
				Base,
			);
			mainGroup = 29845AB424E1AAB2004B22A9;
			productRefGroup = 29845ABE24E1AAB3004B22A9 /* Products */;
			projectDirPath = "";
			projectRoot = "";
			targets = (
				29845ABC24E1AAB3004B22A9 /* GoEvents */,
			);
		};
/* End PBXProject section */

/* Begin PBXResourcesBuildPhase section */
		29845ABB24E1AAB3004B22A9 /* Resources */ = {
			isa = PBXResourcesBuildPhase;
			buildActionMask = 2147483647;
			files = (
				29845AD024E1AAB9004B22A9 /* LaunchScreen.storyboard in Resources */,
				29F4A1F224E3046500F3D015 /* GoogleService-Info.plist in Resources */,
				29845ACD24E1AAB9004B22A9 /* Assets.xcassets in Resources */,
				29845AC824E1AAB3004B22A9 /* Main.storyboard in Resources */,
			);
			runOnlyForDeploymentPostprocessing = 0;
		};
/* End PBXResourcesBuildPhase section */

/* Begin PBXShellScriptBuildPhase section */
		66A406B993D645068B2FFF95 /* [CP] Embed Pods Frameworks */ = {
			isa = PBXShellScriptBuildPhase;
			buildActionMask = 2147483647;
			files = (
			);
			inputFileListPaths = (
				"${PODS_ROOT}/Target Support Files/Pods-GoEvents/Pods-GoEvents-frameworks-${CONFIGURATION}-input-files.xcfilelist",
			);
			name = "[CP] Embed Pods Frameworks";
			outputFileListPaths = (
				"${PODS_ROOT}/Target Support Files/Pods-GoEvents/Pods-GoEvents-frameworks-${CONFIGURATION}-output-files.xcfilelist",
			);
			runOnlyForDeploymentPostprocessing = 0;
			shellPath = /bin/sh;
			shellScript = "\"${PODS_ROOT}/Target Support Files/Pods-GoEvents/Pods-GoEvents-frameworks.sh\"\n";
			showEnvVarsInLog = 0;
		};
		8C9E59EB597B9C52DB091DB8 /* [CP] Check Pods Manifest.lock */ = {
			isa = PBXShellScriptBuildPhase;
			buildActionMask = 2147483647;
			files = (
			);
			inputFileListPaths = (
			);
			inputPaths = (
				"${PODS_PODFILE_DIR_PATH}/Podfile.lock",
				"${PODS_ROOT}/Manifest.lock",
			);
			name = "[CP] Check Pods Manifest.lock";
			outputFileListPaths = (
			);
			outputPaths = (
				"$(DERIVED_FILE_DIR)/Pods-GoEvents-checkManifestLockResult.txt",
			);
			runOnlyForDeploymentPostprocessing = 0;
			shellPath = /bin/sh;
			shellScript = "diff \"${PODS_PODFILE_DIR_PATH}/Podfile.lock\" \"${PODS_ROOT}/Manifest.lock\" > /dev/null\nif [ $? != 0 ] ; then\n    # print error to STDERR\n    echo \"error: The sandbox is not in sync with the Podfile.lock. Run 'pod install' or update your CocoaPods installation.\" >&2\n    exit 1\nfi\n# This output is used by Xcode 'outputs' to avoid re-running this script phase.\necho \"SUCCESS\" > \"${SCRIPT_OUTPUT_FILE_0}\"\n";
			showEnvVarsInLog = 0;
		};
/* End PBXShellScriptBuildPhase section */

/* Begin PBXSourcesBuildPhase section */
		29845AB924E1AAB3004B22A9 /* Sources */ = {
			isa = PBXSourcesBuildPhase;
			buildActionMask = 2147483647;
			files = (
				29F4A1F624E3092F00F3D015 /* AuthenticationError.swift in Sources */,
				29F4A1F824E30AB600F3D015 /* FirebaseAuthenticationService.swift in Sources */,
				29845AE224E2CB9D004B22A9 /* EventsService.swift in Sources */,
				29845ACB24E1AAB3004B22A9 /* GoEvents.xcdatamodeld in Sources */,
				29845AF024E2CF6D004B22A9 /* AlamofireEventsService.swift in Sources */,
				29845AC124E1AAB3004B22A9 /* AppDelegate.swift in Sources */,
				29845AE424E2CC10004B22A9 /* DataError.swift in Sources */,
				29845AE824E2CCE3004B22A9 /* ClientFactory.swift in Sources */,
				29F4A1F424E3080D00F3D015 /* AuthenticationService.swift in Sources */,
				29845AF424E2D232004B22A9 /* Injection.swift in Sources */,
				29845AC324E1AAB3004B22A9 /* SceneDelegate.swift in Sources */,
				2907E87024E326F200A1B3D2 /* RegisterViewController.swift in Sources */,
				29F4A1E824E2E23100F3D015 /* EventsTableViewController.swift in Sources */,
				2907E87224E3270300A1B3D2 /* LoginViewController.swift in Sources */,
				29845ADF24E2CAE8004B22A9 /* Events.swift in Sources */,
				29F4A1EF24E2F01D00F3D015 /* Loading.swift in Sources */,
				2907E87424E3360900A1B3D2 /* Alerts.swift in Sources */,
				29F4A1EA24E2E29000F3D015 /* EventsTableViewCell.swift in Sources */,
			);
			runOnlyForDeploymentPostprocessing = 0;
		};
/* End PBXSourcesBuildPhase section */

/* Begin PBXVariantGroup section */
		29845AC624E1AAB3004B22A9 /* Main.storyboard */ = {
			isa = PBXVariantGroup;
			children = (
				29845AC724E1AAB3004B22A9 /* Base */,
			);
			name = Main.storyboard;
			sourceTree = "<group>";
		};
		29845ACE24E1AAB9004B22A9 /* LaunchScreen.storyboard */ = {
			isa = PBXVariantGroup;
			children = (
				29845ACF24E1AAB9004B22A9 /* Base */,
			);
			name = LaunchScreen.storyboard;
			sourceTree = "<group>";
		};
/* End PBXVariantGroup section */

/* Begin XCBuildConfiguration section */
		29845AD224E1AAB9004B22A9 /* Debug */ = {
			isa = XCBuildConfiguration;
			buildSettings = {
				ALWAYS_SEARCH_USER_PATHS = NO;
				CLANG_ANALYZER_NONNULL = YES;
				CLANG_ANALYZER_NUMBER_OBJECT_CONVERSION = YES_AGGRESSIVE;
				CLANG_CXX_LANGUAGE_STANDARD = "gnu++14";
				CLANG_CXX_LIBRARY = "libc++";
				CLANG_ENABLE_MODULES = YES;
				CLANG_ENABLE_OBJC_ARC = YES;
				CLANG_ENABLE_OBJC_WEAK = YES;
				CLANG_WARN_BLOCK_CAPTURE_AUTORELEASING = YES;
				CLANG_WARN_BOOL_CONVERSION = YES;
				CLANG_WARN_COMMA = YES;
				CLANG_WARN_CONSTANT_CONVERSION = YES;
				CLANG_WARN_DEPRECATED_OBJC_IMPLEMENTATIONS = YES;
				CLANG_WARN_DIRECT_OBJC_ISA_USAGE = YES_ERROR;
				CLANG_WARN_DOCUMENTATION_COMMENTS = YES;
				CLANG_WARN_EMPTY_BODY = YES;
				CLANG_WARN_ENUM_CONVERSION = YES;
				CLANG_WARN_INFINITE_RECURSION = YES;
				CLANG_WARN_INT_CONVERSION = YES;
				CLANG_WARN_NON_LITERAL_NULL_CONVERSION = YES;
				CLANG_WARN_OBJC_IMPLICIT_RETAIN_SELF = YES;
				CLANG_WARN_OBJC_LITERAL_CONVERSION = YES;
				CLANG_WARN_OBJC_ROOT_CLASS = YES_ERROR;
				CLANG_WARN_RANGE_LOOP_ANALYSIS = YES;
				CLANG_WARN_STRICT_PROTOTYPES = YES;
				CLANG_WARN_SUSPICIOUS_MOVE = YES;
				CLANG_WARN_UNGUARDED_AVAILABILITY = YES_AGGRESSIVE;
				CLANG_WARN_UNREACHABLE_CODE = YES;
				CLANG_WARN__DUPLICATE_METHOD_MATCH = YES;
				COPY_PHASE_STRIP = NO;
				DEBUG_INFORMATION_FORMAT = dwarf;
				ENABLE_STRICT_OBJC_MSGSEND = YES;
				ENABLE_TESTABILITY = YES;
				GCC_C_LANGUAGE_STANDARD = gnu11;
				GCC_DYNAMIC_NO_PIC = NO;
				GCC_NO_COMMON_BLOCKS = YES;
				GCC_OPTIMIZATION_LEVEL = 0;
				GCC_PREPROCESSOR_DEFINITIONS = (
					"DEBUG=1",
					"$(inherited)",
				);
				GCC_WARN_64_TO_32_BIT_CONVERSION = YES;
				GCC_WARN_ABOUT_RETURN_TYPE = YES_ERROR;
				GCC_WARN_UNDECLARED_SELECTOR = YES;
				GCC_WARN_UNINITIALIZED_AUTOS = YES_AGGRESSIVE;
				GCC_WARN_UNUSED_FUNCTION = YES;
				GCC_WARN_UNUSED_VARIABLE = YES;
				IPHONEOS_DEPLOYMENT_TARGET = 13.6;
				MTL_ENABLE_DEBUG_INFO = INCLUDE_SOURCE;
				MTL_FAST_MATH = YES;
				ONLY_ACTIVE_ARCH = YES;
				SDKROOT = iphoneos;
				SWIFT_ACTIVE_COMPILATION_CONDITIONS = DEBUG;
				SWIFT_OPTIMIZATION_LEVEL = "-Onone";
			};
			name = Debug;
		};
		29845AD324E1AAB9004B22A9 /* Release */ = {
			isa = XCBuildConfiguration;
			buildSettings = {
				ALWAYS_SEARCH_USER_PATHS = NO;
				CLANG_ANALYZER_NONNULL = YES;
				CLANG_ANALYZER_NUMBER_OBJECT_CONVERSION = YES_AGGRESSIVE;
				CLANG_CXX_LANGUAGE_STANDARD = "gnu++14";
				CLANG_CXX_LIBRARY = "libc++";
				CLANG_ENABLE_MODULES = YES;
				CLANG_ENABLE_OBJC_ARC = YES;
				CLANG_ENABLE_OBJC_WEAK = YES;
				CLANG_WARN_BLOCK_CAPTURE_AUTORELEASING = YES;
				CLANG_WARN_BOOL_CONVERSION = YES;
				CLANG_WARN_COMMA = YES;
				CLANG_WARN_CONSTANT_CONVERSION = YES;
				CLANG_WARN_DEPRECATED_OBJC_IMPLEMENTATIONS = YES;
				CLANG_WARN_DIRECT_OBJC_ISA_USAGE = YES_ERROR;
				CLANG_WARN_DOCUMENTATION_COMMENTS = YES;
				CLANG_WARN_EMPTY_BODY = YES;
				CLANG_WARN_ENUM_CONVERSION = YES;
				CLANG_WARN_INFINITE_RECURSION = YES;
				CLANG_WARN_INT_CONVERSION = YES;
				CLANG_WARN_NON_LITERAL_NULL_CONVERSION = YES;
				CLANG_WARN_OBJC_IMPLICIT_RETAIN_SELF = YES;
				CLANG_WARN_OBJC_LITERAL_CONVERSION = YES;
				CLANG_WARN_OBJC_ROOT_CLASS = YES_ERROR;
				CLANG_WARN_RANGE_LOOP_ANALYSIS = YES;
				CLANG_WARN_STRICT_PROTOTYPES = YES;
				CLANG_WARN_SUSPICIOUS_MOVE = YES;
				CLANG_WARN_UNGUARDED_AVAILABILITY = YES_AGGRESSIVE;
				CLANG_WARN_UNREACHABLE_CODE = YES;
				CLANG_WARN__DUPLICATE_METHOD_MATCH = YES;
				COPY_PHASE_STRIP = NO;
				DEBUG_INFORMATION_FORMAT = "dwarf-with-dsym";
				ENABLE_NS_ASSERTIONS = NO;
				ENABLE_STRICT_OBJC_MSGSEND = YES;
				GCC_C_LANGUAGE_STANDARD = gnu11;
				GCC_NO_COMMON_BLOCKS = YES;
				GCC_WARN_64_TO_32_BIT_CONVERSION = YES;
				GCC_WARN_ABOUT_RETURN_TYPE = YES_ERROR;
				GCC_WARN_UNDECLARED_SELECTOR = YES;
				GCC_WARN_UNINITIALIZED_AUTOS = YES_AGGRESSIVE;
				GCC_WARN_UNUSED_FUNCTION = YES;
				GCC_WARN_UNUSED_VARIABLE = YES;
				IPHONEOS_DEPLOYMENT_TARGET = 13.6;
				MTL_ENABLE_DEBUG_INFO = NO;
				MTL_FAST_MATH = YES;
				SDKROOT = iphoneos;
				SWIFT_COMPILATION_MODE = wholemodule;
				SWIFT_OPTIMIZATION_LEVEL = "-O";
				VALIDATE_PRODUCT = YES;
			};
			name = Release;
		};
		29845AD524E1AAB9004B22A9 /* Debug */ = {
			isa = XCBuildConfiguration;
			baseConfigurationReference = CA0EDC778297C4CC7A798B97 /* Pods-GoEvents.debug.xcconfig */;
			buildSettings = {
				ASSETCATALOG_COMPILER_APPICON_NAME = AppIcon;
				CODE_SIGN_STYLE = Automatic;
				DEVELOPMENT_TEAM = Q2ND2U87N3;
				INFOPLIST_FILE = GoEvents/Info.plist;
				LD_RUNPATH_SEARCH_PATHS = (
					"$(inherited)",
					"@executable_path/Frameworks",
				);
				PRODUCT_BUNDLE_IDENTIFIER = com.brenner.GoEvents;
				PRODUCT_NAME = "$(TARGET_NAME)";
				SWIFT_VERSION = 5.0;
				TARGETED_DEVICE_FAMILY = 1;
			};
			name = Debug;
		};
		29845AD624E1AAB9004B22A9 /* Release */ = {
			isa = XCBuildConfiguration;
			baseConfigurationReference = 6AFC296FE5856D847F627185 /* Pods-GoEvents.release.xcconfig */;
			buildSettings = {
				ASSETCATALOG_COMPILER_APPICON_NAME = AppIcon;
				CODE_SIGN_STYLE = Automatic;
				DEVELOPMENT_TEAM = Q2ND2U87N3;
				INFOPLIST_FILE = GoEvents/Info.plist;
				LD_RUNPATH_SEARCH_PATHS = (
					"$(inherited)",
					"@executable_path/Frameworks",
				);
				PRODUCT_BUNDLE_IDENTIFIER = com.brenner.GoEvents;
				PRODUCT_NAME = "$(TARGET_NAME)";
				SWIFT_VERSION = 5.0;
				TARGETED_DEVICE_FAMILY = 1;
			};
			name = Release;
		};
/* End XCBuildConfiguration section */

/* Begin XCConfigurationList section */
		29845AB824E1AAB2004B22A9 /* Build configuration list for PBXProject "GoEvents" */ = {
			isa = XCConfigurationList;
			buildConfigurations = (
				29845AD224E1AAB9004B22A9 /* Debug */,
				29845AD324E1AAB9004B22A9 /* Release */,
			);
			defaultConfigurationIsVisible = 0;
			defaultConfigurationName = Release;
		};
		29845AD424E1AAB9004B22A9 /* Build configuration list for PBXNativeTarget "GoEvents" */ = {
			isa = XCConfigurationList;
			buildConfigurations = (
				29845AD524E1AAB9004B22A9 /* Debug */,
				29845AD624E1AAB9004B22A9 /* Release */,
			);
			defaultConfigurationIsVisible = 0;
			defaultConfigurationName = Release;
		};
/* End XCConfigurationList section */

/* Begin XCVersionGroup section */
		29845AC924E1AAB3004B22A9 /* GoEvents.xcdatamodeld */ = {
			isa = XCVersionGroup;
			children = (
				29845ACA24E1AAB3004B22A9 /* GoEvents.xcdatamodel */,
			);
			currentVersion = 29845ACA24E1AAB3004B22A9 /* GoEvents.xcdatamodel */;
			path = GoEvents.xcdatamodeld;
			sourceTree = "<group>";
			versionGroupType = wrapper.xcdatamodel;
		};
/* End XCVersionGroup section */
	};
	rootObject = 29845AB524E1AAB2004B22A9 /* Project object */;
}
